
Microsoft Visual Studio Solution File, Format Version 12.00
Project("{FAE04EC0-301F-11D3-BF4B-00C04F79EFBC}") = "PJATK-APBD-Cw5-s30366", "PJATK-APBD-Cw5-s30366\PJATK-APBD-Cw5-s30366.csproj", "{DC3A2558-C7EB-4A09-AC4D-704DEB244C16}"
EndProject
Global
	GlobalSection(SolutionConfigurationPlatforms) = preSolution
		Debug|Any CPU = Debug|Any CPU
		Release|Any CPU = Release|Any CPU
	EndGlobalSection
	GlobalSection(ProjectConfigurationPlatforms) = postSolution
		{DC3A2558-C7EB-4A09-AC4D-704DEB244C16}.Debug|Any CPU.ActiveCfg = Debug|Any CPU
		{DC3A2558-C7EB-4A09-AC4D-704DEB244C16}.Debug|Any CPU.Build.0 = Debug|Any CPU
		{DC3A2558-C7EB-4A09-AC4D-704DEB244C16}.Release|Any CPU.ActiveCfg = Release|Any CPU
		{DC3A2558-C7EB-4A09-AC4D-704DEB244C16}.Release|Any CPU.Build.0 = Release|Any CPU
	EndGlobalSection
EndGlobal
